{
    "_readme": [
        "This file locks the dependencies of your project to a known state",
        "Read more about it at https://getcomposer.org/doc/01-basic-usage.md#composer-lock-the-lock-file",
        "This file is @generated automatically"
    ],
    "hash": "c9cfa2d3d92fcc3d86b17d573bd21598",
    "content-hash": "92945eef99b4171096a90e0eeb7f8be7",
    "packages": [
        {
            "name": "WordPress/WordPress",
            "version": "4.6.1",
            "dist": {
                "type": "zip",
                "url": "https://github.com/WordPress/WordPress/archive/4.6.1.zip",
                "reference": null,
                "shasum": null
            },
            "type": "library"
        }
    ],
    "packages-dev": [],
    "aliases": [],
    "minimum-stability": "stable",
    "stability-flags": [],
    "prefer-stable": false,
    "prefer-lowest": false,
    "platform": {
        "php": "~5.6.0"
    },
    "platform-dev": []
}
